
Microsoft Visual Studio Solution File, Format Version 12.00
# Visual Studio 15
Project("{FAE04EC0-301F-11D3-BF4B-00C04F79EFBC}") = "Assembly-CSharp", "Assembly-CSharp.csproj", "{20786834-B02C-52F4-B2E5-63E7C74139FD}"
EndProject
Project("{FAE04EC0-301F-11D3-BF4B-00C04F79EFBC}") = "Assembly-CSharp-Editor", "Assembly-CSharp-Editor.csproj", "{EF597B73-3459-18E8-7EBF-37757A8B5213}"
EndProject
Global
	GlobalSection(SolutionConfigurationPlatforms) = preSolution
		Debug|Any CPU = Debug|Any CPU
		Release|Any CPU = Release|Any CPU
	EndGlobalSection
	GlobalSection(ProjectConfigurationPlatforms) = postSolution
		{20786834-B02C-52F4-B2E5-63E7C74139FD}.Debug|Any CPU.ActiveCfg = Debug|Any CPU
		{20786834-B02C-52F4-B2E5-63E7C74139FD}.Debug|Any CPU.Build.0 = Debug|Any CPU
		{20786834-B02C-52F4-B2E5-63E7C74139FD}.Release|Any CPU.ActiveCfg = Release|Any CPU
		{20786834-B02C-52F4-B2E5-63E7C74139FD}.Release|Any CPU.Build.0 = Release|Any CPU
		{EF597B73-3459-18E8-7EBF-37757A8B5213}.Debug|Any CPU.ActiveCfg = Debug|Any CPU
		{EF597B73-3459-18E8-7EBF-37757A8B5213}.Debug|Any CPU.Build.0 = Debug|Any CPU
		{EF597B73-3459-18E8-7EBF-37757A8B5213}.Release|Any CPU.ActiveCfg = Release|Any CPU
		{EF597B73-3459-18E8-7EBF-37757A8B5213}.Release|Any CPU.Build.0 = Release|Any CPU
	EndGlobalSection
	GlobalSection(SolutionProperties) = preSolution
		HideSolutionNode = FALSE
	EndGlobalSection
EndGlobal
